// !$*UTF8*$!
{
	archiveVersion = 1;
	classes = {
	};
	objectVersion = 50;
	objects = {

/* Begin PBXBuildFile section */
		E71D82692399374A006E3A8D /* ProductCell.swift in Sources */ = {isa = PBXBuildFile; fileRef = E71D82682399374A006E3A8D /* ProductCell.swift */; };
		E794B56B23544E5C007F8D44 /* AppDelegate.swift in Sources */ = {isa = PBXBuildFile; fileRef = E794B56A23544E5C007F8D44 /* AppDelegate.swift */; };
		E794B56D23544E5C007F8D44 /* ViewController.swift in Sources */ = {isa = PBXBuildFile; fileRef = E794B56C23544E5C007F8D44 /* ViewController.swift */; };
		E794B57023544E5C007F8D44 /* Main.storyboard in Resources */ = {isa = PBXBuildFile; fileRef = E794B56E23544E5C007F8D44 /* Main.storyboard */; };
		E794B57223544E5E007F8D44 /* Assets.xcassets in Resources */ = {isa = PBXBuildFile; fileRef = E794B57123544E5E007F8D44 /* Assets.xcassets */; };
		E794B57523544E5E007F8D44 /* LaunchScreen.storyboard in Resources */ = {isa = PBXBuildFile; fileRef = E794B57323544E5E007F8D44 /* LaunchScreen.storyboard */; };
		E794B57E2354DE4B007F8D44 /* CommonExtension.swift in Sources */ = {isa = PBXBuildFile; fileRef = E794B57D2354DE4B007F8D44 /* CommonExtension.swift */; };
		E794B5802354DE67007F8D44 /* Common.swift in Sources */ = {isa = PBXBuildFile; fileRef = E794B57F2354DE67007F8D44 /* Common.swift */; };
/* End PBXBuildFile section */

/* Begin PBXFileReference section */
		E71D82682399374A006E3A8D /* ProductCell.swift */ = {isa = PBXFileReference; lastKnownFileType = sourcecode.swift; path = ProductCell.swift; sourceTree = "<group>"; };
		E794B56723544E5C007F8D44 /* DynamicFontSizeDemo.app */ = {isa = PBXFileReference; explicitFileType = wrapper.application; includeInIndex = 0; path = DynamicFontSizeDemo.app; sourceTree = BUILT_PRODUCTS_DIR; };
		E794B56A23544E5C007F8D44 /* AppDelegate.swift */ = {isa = PBXFileReference; lastKnownFileType = sourcecode.swift; path = AppDelegate.swift; sourceTree = "<group>"; };
		E794B56C23544E5C007F8D44 /* ViewController.swift */ = {isa = PBXFileReference; lastKnownFileType = sourcecode.swift; path = ViewController.swift; sourceTree = "<group>"; };
		E794B56F23544E5C007F8D44 /* Base */ = {isa = PBXFileReference; lastKnownFileType = file.storyboard; name = Base; path = Base.lproj/Main.storyboard; sourceTree = "<group>"; };
		E794B57123544E5E007F8D44 /* Assets.xcassets */ = {isa = PBXFileReference; lastKnownFileType = folder.assetcatalog; path = Assets.xcassets; sourceTree = "<group>"; };
		E794B57423544E5E007F8D44 /* Base */ = {isa = PBXFileReference; lastKnownFileType = file.storyboard; name = Base; path = Base.lproj/LaunchScreen.storyboard; sourceTree = "<group>"; };
		E794B57623544E5E007F8D44 /* Info.plist */ = {isa = PBXFileReference; lastKnownFileType = text.plist.xml; path = Info.plist; sourceTree = "<group>"; };
		E794B57D2354DE4B007F8D44 /* CommonExtension.swift */ = {isa = PBXFileReference; lastKnownFileType = sourcecode.swift; path = CommonExtension.swift; sourceTree = "<group>"; };
		E794B57F2354DE67007F8D44 /* Common.swift */ = {isa = PBXFileReference; lastKnownFileType = sourcecode.swift; path = Common.swift; sourceTree = "<group>"; };
/* End PBXFileReference section */

/* Begin PBXFrameworksBuildPhase section */
		E794B56423544E5C007F8D44 /* Frameworks */ = {
			isa = PBXFrameworksBuildPhase;
			buildActionMask = 2147483647;
			files = (
			);
			runOnlyForDeploymentPostprocessing = 0;
		};
/* End PBXFrameworksBuildPhase section */

/* Begin PBXGroup section */
		E794B55E23544E5C007F8D44 = {
			isa = PBXGroup;
			children = (
				E794B56923544E5C007F8D44 /* DynamicFontSizeDemo */,
				E794B56823544E5C007F8D44 /* Products */,
			);
			sourceTree = "<group>";
		};
		E794B56823544E5C007F8D44 /* Products */ = {
			isa = PBXGroup;
			children = (
				E794B56723544E5C007F8D44 /* DynamicFontSizeDemo.app */,
			);
			name = Products;
			sourceTree = "<group>";
		};
		E794B56923544E5C007F8D44 /* DynamicFontSizeDemo */ = {
			isa = PBXGroup;
			children = (
				E794B56A23544E5C007F8D44 /* AppDelegate.swift */,
				E794B56C23544E5C007F8D44 /* ViewController.swift */,
				E71D82682399374A006E3A8D /* ProductCell.swift */,
				E794B56E23544E5C007F8D44 /* Main.storyboard */,
				E794B57123544E5E007F8D44 /* Assets.xcassets */,
				E794B57323544E5E007F8D44 /* LaunchScreen.storyboard */,
				E794B57623544E5E007F8D44 /* Info.plist */,
				E794B57F2354DE67007F8D44 /* Common.swift */,
				E794B57D2354DE4B007F8D44 /* CommonExtension.swift */,
			);
			path = DynamicFontSizeDemo;
			sourceTree = "<group>";
		};
/* End PBXGroup section */

/* Begin PBXNativeTarget section */
		E794B56623544E5C007F8D44 /* DynamicFontSizeDemo */ = {
			isa = PBXNativeTarget;
			buildConfigurationList = E794B57923544E5E007F8D44 /* Build configuration list for PBXNativeTarget "DynamicFontSizeDemo" */;
			buildPhases = (
				E794B56323544E5C007F8D44 /* Sources */,
				E794B56423544E5C007F8D44 /* Frameworks */,
				E794B56523544E5C007F8D44 /* Resources */,
			);
			buildRules = (
			);
			dependencies = (
			);
			name = DynamicFontSizeDemo;
			productName = DynamicFontSizeDemo;
			productReference = E794B56723544E5C007F8D44 /* DynamicFontSizeDemo.app */;
			productType = "com.apple.product-type.application";
		};
/* End PBXNativeTarget section */

/* Begin PBXProject section */
		E794B55F23544E5C007F8D44 /* Project object */ = {
			isa = PBXProject;
			attributes = {
				LastSwiftUpdateCheck = 1010;
				LastUpgradeCheck = 1010;
				ORGANIZATIONNAME = Kiprosh;
				TargetAttributes = {
					E794B56623544E5C007F8D44 = {
						CreatedOnToolsVersion = 10.1;
					};
				};
			};
			buildConfigurationList = E794B56223544E5C007F8D44 /* Build configuration list for PBXProject "DynamicFontSizeDemo" */;
			compatibilityVersion = "Xcode 9.3";
			developmentRegion = en;
			hasScannedForEncodings = 0;
			knownRegions = (
				en,
				Base,
			);
			mainGroup = E794B55E23544E5C007F8D44;
			productRefGroup = E794B56823544E5C007F8D44 /* Products */;
			projectDirPath = "";
			projectRoot = "";
			targets = (
				E794B56623544E5C007F8D44 /* DynamicFontSizeDemo */,
			);
		};
/* End PBXProject section */

/* Begin PBXResourcesBuildPhase section */
		E794B56523544E5C007F8D44 /* Resources */ = {
			isa = PBXResourcesBuildPhase;
			buildActionMask = 2147483647;
			files = (
				E794B57523544E5E007F8D44 /* LaunchScreen.storyboard in Resources */,
				E794B57223544E5E007F8D44 /* Assets.xcassets in Resources */,
				E794B57023544E5C007F8D44 /* Main.storyboard in Resources */,
			);
			runOnlyForDeploymentPostprocessing = 0;
		};
/* End PBXResourcesBuildPhase section */

/* Begin PBXSourcesBuildPhase section */
		E794B56323544E5C007F8D44 /* Sources */ = {
			isa = PBXSourcesBuildPhase;
			buildActionMask = 2147483647;
			files = (
				E794B5802354DE67007F8D44 /* Common.swift in Sources */,
				E794B56D23544E5C007F8D44 /* ViewController.swift in Sources */,
				E71D82692399374A006E3A8D /* ProductCell.swift in Sources */,
				E794B57E2354DE4B007F8D44 /* CommonExtension.swift in Sources */,
				E794B56B23544E5C007F8D44 /* AppDelegate.swift in Sources */,
			);
			runOnlyForDeploymentPostprocessing = 0;
		};
/* End PBXSourcesBuildPhase section */

/* Begin PBXVariantGroup section */
		E794B56E23544E5C007F8D44 /* Main.storyboard */ = {
			isa = PBXVariantGroup;
			children = (
				E794B56F23544E5C007F8D44 /* Base */,
			);
			name = Main.storyboard;
			sourceTree = "<group>";
		};
		E794B57323544E5E007F8D44 /* LaunchScreen.storyboard */ = {
			isa = PBXVariantGroup;
			children = (
				E794B57423544E5E007F8D44 /* Base */,
			);
			name = LaunchScreen.storyboard;
			sourceTree = "<group>";
		};
/* End PBXVariantGroup section */

/* Begin XCBuildConfiguration section */
		E794B57723544E5E007F8D44 /* Debug */ = {
			isa = XCBuildConfiguration;
			buildSettings = {
				ALWAYS_SEARCH_USER_PATHS = NO;
				CLANG_ANALYZER_NONNULL = YES;
				CLANG_ANALYZER_NUMBER_OBJECT_CONVERSION = YES_AGGRESSIVE;
				CLANG_CXX_LANGUAGE_STANDARD = "gnu++14";
				CLANG_CXX_LIBRARY = "libc++";
				CLANG_ENABLE_MODULES = YES;
				CLANG_ENABLE_OBJC_ARC = YES;
				CLANG_ENABLE_OBJC_WEAK = YES;
				CLANG_WARN_BLOCK_CAPTURE_AUTORELEASING = YES;
				CLANG_WARN_BOOL_CONVERSION = YES;
				CLANG_WARN_COMMA = YES;
				CLANG_WARN_CONSTANT_CONVERSION = YES;
				CLANG_WARN_DEPRECATED_OBJC_IMPLEMENTATIONS = YES;
				CLANG_WARN_DIRECT_OBJC_ISA_USAGE = YES_ERROR;
				CLANG_WARN_DOCUMENTATION_COMMENTS = YES;
				CLANG_WARN_EMPTY_BODY = YES;
				CLANG_WARN_ENUM_CONVERSION = YES;
				CLANG_WARN_INFINITE_RECURSION = YES;
				CLANG_WARN_INT_CONVERSION = YES;
				CLANG_WARN_NON_LITERAL_NULL_CONVERSION = YES;
				CLANG_WARN_OBJC_IMPLICIT_RETAIN_SELF = YES;
				CLANG_WARN_OBJC_LITERAL_CONVERSION = YES;
				CLANG_WARN_OBJC_ROOT_CLASS = YES_ERROR;
				CLANG_WARN_RANGE_LOOP_ANALYSIS = YES;
				CLANG_WARN_STRICT_PROTOTYPES = YES;
				CLANG_WARN_SUSPICIOUS_MOVE = YES;
				CLANG_WARN_UNGUARDED_AVAILABILITY = YES_AGGRESSIVE;
				CLANG_WARN_UNREACHABLE_CODE = YES;
				CLANG_WARN__DUPLICATE_METHOD_MATCH = YES;
				CODE_SIGN_IDENTITY = "iPhone Developer";
				COPY_PHASE_STRIP = NO;
				DEBUG_INFORMATION_FORMAT = dwarf;
				ENABLE_STRICT_OBJC_MSGSEND = YES;
				ENABLE_TESTABILITY = YES;
				GCC_C_LANGUAGE_STANDARD = gnu11;
				GCC_DYNAMIC_NO_PIC = NO;
				GCC_NO_COMMON_BLOCKS = YES;
				GCC_OPTIMIZATION_LEVEL = 0;
				GCC_PREPROCESSOR_DEFINITIONS = (
					"DEBUG=1",
					"$(inherited)",
				);
				GCC_WARN_64_TO_32_BIT_CONVERSION = YES;
				GCC_WARN_ABOUT_RETURN_TYPE = YES_ERROR;
				GCC_WARN_UNDECLARED_SELECTOR = YES;
				GCC_WARN_UNINITIALIZED_AUTOS = YES_AGGRESSIVE;
				GCC_WARN_UNUSED_FUNCTION = YES;
				GCC_WARN_UNUSED_VARIABLE = YES;
				IPHONEOS_DEPLOYMENT_TARGET = 12.1;
				MTL_ENABLE_DEBUG_INFO = INCLUDE_SOURCE;
				MTL_FAST_MATH = YES;
				ONLY_ACTIVE_ARCH = YES;
				SDKROOT = iphoneos;
				SWIFT_ACTIVE_COMPILATION_CONDITIONS = DEBUG;
				SWIFT_OPTIMIZATION_LEVEL = "-Onone";
			};
			name = Debug;
		};
		E794B57823544E5E007F8D44 /* Release */ = {
			isa = XCBuildConfiguration;
			buildSettings = {
				ALWAYS_SEARCH_USER_PATHS = NO;
				CLANG_ANALYZER_NONNULL = YES;
				CLANG_ANALYZER_NUMBER_OBJECT_CONVERSION = YES_AGGRESSIVE;
				CLANG_CXX_LANGUAGE_STANDARD = "gnu++14";
				CLANG_CXX_LIBRARY = "libc++";
				CLANG_ENABLE_MODULES = YES;
				CLANG_ENABLE_OBJC_ARC = YES;
				CLANG_ENABLE_OBJC_WEAK = YES;
				CLANG_WARN_BLOCK_CAPTURE_AUTORELEASING = YES;
				CLANG_WARN_BOOL_CONVERSION = YES;
				CLANG_WARN_COMMA = YES;
				CLANG_WARN_CONSTANT_CONVERSION = YES;
				CLANG_WARN_DEPRECATED_OBJC_IMPLEMENTATIONS = YES;
				CLANG_WARN_DIRECT_OBJC_ISA_USAGE = YES_ERROR;
				CLANG_WARN_DOCUMENTATION_COMMENTS = YES;
				CLANG_WARN_EMPTY_BODY = YES;
				CLANG_WARN_ENUM_CONVERSION = YES;
				CLANG_WARN_INFINITE_RECURSION = YES;
				CLANG_WARN_INT_CONVERSION = YES;
				CLANG_WARN_NON_LITERAL_NULL_CONVERSION = YES;
				CLANG_WARN_OBJC_IMPLICIT_RETAIN_SELF = YES;
				CLANG_WARN_OBJC_LITERAL_CONVERSION = YES;
				CLANG_WARN_OBJC_ROOT_CLASS = YES_ERROR;
				CLANG_WARN_RANGE_LOOP_ANALYSIS = YES;
				CLANG_WARN_STRICT_PROTOTYPES = YES;
				CLANG_WARN_SUSPICIOUS_MOVE = YES;
				CLANG_WARN_UNGUARDED_AVAILABILITY = YES_AGGRESSIVE;
				CLANG_WARN_UNREACHABLE_CODE = YES;
				CLANG_WARN__DUPLICATE_METHOD_MATCH = YES;
				CODE_SIGN_IDENTITY = "iPhone Developer";
				COPY_PHASE_STRIP = NO;
				DEBUG_INFORMATION_FORMAT = "dwarf-with-dsym";
				ENABLE_NS_ASSERTIONS = NO;
				ENABLE_STRICT_OBJC_MSGSEND = YES;
				GCC_C_LANGUAGE_STANDARD = gnu11;
				GCC_NO_COMMON_BLOCKS = YES;
				GCC_WARN_64_TO_32_BIT_CONVERSION = YES;
				GCC_WARN_ABOUT_RETURN_TYPE = YES_ERROR;
				GCC_WARN_UNDECLARED_SELECTOR = YES;
				GCC_WARN_UNINITIALIZED_AUTOS = YES_AGGRESSIVE;
				GCC_WARN_UNUSED_FUNCTION = YES;
				GCC_WARN_UNUSED_VARIABLE = YES;
				IPHONEOS_DEPLOYMENT_TARGET = 12.1;
				MTL_ENABLE_DEBUG_INFO = NO;
				MTL_FAST_MATH = YES;
				SDKROOT = iphoneos;
				SWIFT_COMPILATION_MODE = wholemodule;
				SWIFT_OPTIMIZATION_LEVEL = "-O";
				VALIDATE_PRODUCT = YES;
			};
			name = Release;
		};
		E794B57A23544E5E007F8D44 /* Debug */ = {
			isa = XCBuildConfiguration;
			buildSettings = {
				ASSETCATALOG_COMPILER_APPICON_NAME = AppIcon;
				CODE_SIGN_STYLE = Automatic;
				DEVELOPMENT_TEAM = "";
				INFOPLIST_FILE = DynamicFontSizeDemo/Info.plist;
				LD_RUNPATH_SEARCH_PATHS = (
					"$(inherited)",
					"@executable_path/Frameworks",
				);
				PRODUCT_BUNDLE_IDENTIFIER = com.DynamicFontSizeDemo;
				PRODUCT_NAME = "$(TARGET_NAME)";
				SWIFT_VERSION = 4.2;
				TARGETED_DEVICE_FAMILY = "1,2";
			};
			name = Debug;
		};
		E794B57B23544E5E007F8D44 /* Release */ = {
			isa = XCBuildConfiguration;
			buildSettings = {
				ASSETCATALOG_COMPILER_APPICON_NAME = AppIcon;
				CODE_SIGN_STYLE = Automatic;
				DEVELOPMENT_TEAM = "";
				INFOPLIST_FILE = DynamicFontSizeDemo/Info.plist;
				LD_RUNPATH_SEARCH_PATHS = (
					"$(inherited)",
					"@executable_path/Frameworks",
				);
				PRODUCT_BUNDLE_IDENTIFIER = com.DynamicFontSizeDemo;
				PRODUCT_NAME = "$(TARGET_NAME)";
				SWIFT_VERSION = 4.2;
				TARGETED_DEVICE_FAMILY = "1,2";
			};
			name = Release;
		};
/* End XCBuildConfiguration section */

/* Begin XCConfigurationList section */
		E794B56223544E5C007F8D44 /* Build configuration list for PBXProject "DynamicFontSizeDemo" */ = {
			isa = XCConfigurationList;
			buildConfigurations = (
				E794B57723544E5E007F8D44 /* Debug */,
				E794B57823544E5E007F8D44 /* Release */,
			);
			defaultConfigurationIsVisible = 0;
			defaultConfigurationName = Release;
		};
		E794B57923544E5E007F8D44 /* Build configuration list for PBXNativeTarget "DynamicFontSizeDemo" */ = {
			isa = XCConfigurationList;
			buildConfigurations = (
				E794B57A23544E5E007F8D44 /* Debug */,
				E794B57B23544E5E007F8D44 /* Release */,
			);
			defaultConfigurationIsVisible = 0;
			defaultConfigurationName = Release;
		};
/* End XCConfigurationList section */
	};
	rootObject = E794B55F23544E5C007F8D44 /* Project object */;
}
